
Microsoft Visual Studio Solution File, Format Version 12.00
# Visual Studio Version 16
VisualStudioVersion = 16.0.29519.87
MinimumVisualStudioVersion = 10.0.40219.1
Project("{FAE04EC0-301F-11D3-BF4B-00C04F79EFBC}") = "IdentityServerNetCore", "IdentityServerNetCore\IdentityServerNetCore.csproj", "{FDEFF243-99BD-4834-8F95-0873C96632B9}"
EndProject
Project("{FAE04EC0-301F-11D3-BF4B-00C04F79EFBC}") = "IdentityServerNetCoreClient", "IdentityServerNetCoreClient\IdentityServerNetCoreClient.csproj", "{69020A72-3FD7-4BA2-B0FF-75A818ECD33C}"
EndProject
Global
	GlobalSection(SolutionConfigurationPlatforms) = preSolution
		Debug|Any CPU = Debug|Any CPU
		Release|Any CPU = Release|Any CPU
	EndGlobalSection
	GlobalSection(ProjectConfigurationPlatforms) = postSolution
		{FDEFF243-99BD-4834-8F95-0873C96632B9}.Debug|Any CPU.ActiveCfg = Debug|Any CPU
		{FDEFF243-99BD-4834-8F95-0873C96632B9}.Debug|Any CPU.Build.0 = Debug|Any CPU
		{FDEFF243-99BD-4834-8F95-0873C96632B9}.Release|Any CPU.ActiveCfg = Release|Any CPU
		{FDEFF243-99BD-4834-8F95-0873C96632B9}.Release|Any CPU.Build.0 = Release|Any CPU
		{69020A72-3FD7-4BA2-B0FF-75A818ECD33C}.Debug|Any CPU.ActiveCfg = Debug|Any CPU
		{69020A72-3FD7-4BA2-B0FF-75A818ECD33C}.Debug|Any CPU.Build.0 = Debug|Any CPU
		{69020A72-3FD7-4BA2-B0FF-75A818ECD33C}.Release|Any CPU.ActiveCfg = Release|Any CPU
		{69020A72-3FD7-4BA2-B0FF-75A818ECD33C}.Release|Any CPU.Build.0 = Release|Any CPU
	EndGlobalSection
	GlobalSection(SolutionProperties) = preSolution
		HideSolutionNode = FALSE
	EndGlobalSection
	GlobalSection(ExtensibilityGlobals) = postSolution
		SolutionGuid = {511C3A3B-9434-4FC9-8714-93A98B08B939}
	EndGlobalSection
EndGlobal
